// !$*UTF8*$!
{
	archiveVersion = 1;
	classes = {
	};
	objectVersion = 56;
	objects = {

/* Begin PBXBuildFile section */
		8B6CC2472AAA278D002FA6A0 /* AppDelegate.swift in Sources */ = {isa = PBXBuildFile; fileRef = 8B6CC2462AAA278D002FA6A0 /* AppDelegate.swift */; };
		8B6CC2492AAA278D002FA6A0 /* SceneDelegate.swift in Sources */ = {isa = PBXBuildFile; fileRef = 8B6CC2482AAA278D002FA6A0 /* SceneDelegate.swift */; };
		8B6CC24B2AAA278D002FA6A0 /* ViewController.swift in Sources */ = {isa = PBXBuildFile; fileRef = 8B6CC24A2AAA278D002FA6A0 /* ViewController.swift */; };
		8B6CC24E2AAA278D002FA6A0 /* Main.storyboard in Resources */ = {isa = PBXBuildFile; fileRef = 8B6CC24C2AAA278D002FA6A0 /* Main.storyboard */; };
		8B6CC2502AAA278E002FA6A0 /* Assets.xcassets in Resources */ = {isa = PBXBuildFile; fileRef = 8B6CC24F2AAA278E002FA6A0 /* Assets.xcassets */; };
		8B6CC2532AAA278E002FA6A0 /* LaunchScreen.storyboard in Resources */ = {isa = PBXBuildFile; fileRef = 8B6CC2512AAA278E002FA6A0 /* LaunchScreen.storyboard */; };
		8B6CC25C2AAA284A002FA6A0 /* Alamofire in Frameworks */ = {isa = PBXBuildFile; productRef = 8B6CC25B2AAA284A002FA6A0 /* Alamofire */; };
		8B6CC25F2AAA28B0002FA6A0 /* Realm in Frameworks */ = {isa = PBXBuildFile; productRef = 8B6CC25E2AAA28B0002FA6A0 /* Realm */; };
		8B6CC2612AAA28B0002FA6A0 /* RealmSwift in Frameworks */ = {isa = PBXBuildFile; productRef = 8B6CC2602AAA28B0002FA6A0 /* RealmSwift */; };
		8B6CC2642AAA28BF002FA6A0 /* SnapKit in Frameworks */ = {isa = PBXBuildFile; productRef = 8B6CC2632AAA28BF002FA6A0 /* SnapKit */; };
		8B6CC2662AAA28D7002FA6A0 /* .gitignore in Resources */ = {isa = PBXBuildFile; fileRef = 8B6CC2652AAA28D7002FA6A0 /* .gitignore */; };
		8B6CC2682AAA28EE002FA6A0 /* APIKey.swift in Sources */ = {isa = PBXBuildFile; fileRef = 8B6CC2672AAA28EE002FA6A0 /* APIKey.swift */; };
		8B6CC26E2AAA2E61002FA6A0 /* BaseViewController.swift in Sources */ = {isa = PBXBuildFile; fileRef = 8B6CC26D2AAA2E61002FA6A0 /* BaseViewController.swift */; };
		8B6CC27D2AAB16FF002FA6A0 /* BaseCollectionViewCell.swift in Sources */ = {isa = PBXBuildFile; fileRef = 8B6CC27C2AAB16FF002FA6A0 /* BaseCollectionViewCell.swift */; };
		8B6CC2812AAB21D8002FA6A0 /* Constants.swift in Sources */ = {isa = PBXBuildFile; fileRef = 8B6CC2802AAB21D8002FA6A0 /* Constants.swift */; };
		8B6CC2832AAB2235002FA6A0 /* Color.swift in Sources */ = {isa = PBXBuildFile; fileRef = 8B6CC2822AAB2235002FA6A0 /* Color.swift */; };
		8B6CC2852AAB2559002FA6A0 /* SearchCollectionViewCell.swift in Sources */ = {isa = PBXBuildFile; fileRef = 8B6CC2842AAB2559002FA6A0 /* SearchCollectionViewCell.swift */; };
		8B6CC2872AAB28B5002FA6A0 /* Item.swift in Sources */ = {isa = PBXBuildFile; fileRef = 8B6CC2862AAB28B5002FA6A0 /* Item.swift */; };
		8B6CC2892AAC403C002FA6A0 /* SearchViewController.swift in Sources */ = {isa = PBXBuildFile; fileRef = 8B6CC2882AAC403C002FA6A0 /* SearchViewController.swift */; };
		8B6CC28B2AAC47C6002FA6A0 /* LikedViewController.swift in Sources */ = {isa = PBXBuildFile; fileRef = 8B6CC28A2AAC47C6002FA6A0 /* LikedViewController.swift */; };
		8B6CC28D2AAC537F002FA6A0 /* ReusableViewProtocol.swift in Sources */ = {isa = PBXBuildFile; fileRef = 8B6CC28C2AAC537F002FA6A0 /* ReusableViewProtocol.swift */; };
		8B6CC2932AAC8A95002FA6A0 /* SortType.swift in Sources */ = {isa = PBXBuildFile; fileRef = 8B6CC2922AAC8A95002FA6A0 /* SortType.swift */; };
		8B6CC2952AAC8B65002FA6A0 /* GrayBorderButton.swift in Sources */ = {isa = PBXBuildFile; fileRef = 8B6CC2942AAC8B65002FA6A0 /* GrayBorderButton.swift */; };
		8B6CC2972AACD224002FA6A0 /* ShoppingAPIManager.swift in Sources */ = {isa = PBXBuildFile; fileRef = 8B6CC2962AACD224002FA6A0 /* ShoppingAPIManager.swift */; };
		8B6CC2992AACDAC5002FA6A0 /* URL+Extension.swift in Sources */ = {isa = PBXBuildFile; fileRef = 8B6CC2982AACDAC5002FA6A0 /* URL+Extension.swift */; };
		8B6CC29C2AADA4AF002FA6A0 /* Kingfisher in Frameworks */ = {isa = PBXBuildFile; productRef = 8B6CC29B2AADA4AF002FA6A0 /* Kingfisher */; };
		8B6CC29E2AADFAD3002FA6A0 /* DetailViewController.swift in Sources */ = {isa = PBXBuildFile; fileRef = 8B6CC29D2AADFAD3002FA6A0 /* DetailViewController.swift */; };
		8B6CC2A02AAE1A6D002FA6A0 /* String+Extension.swift in Sources */ = {isa = PBXBuildFile; fileRef = 8B6CC29F2AAE1A6D002FA6A0 /* String+Extension.swift */; };
		8B6CC2A22AAE3C4C002FA6A0 /* WhiteButton.swift in Sources */ = {isa = PBXBuildFile; fileRef = 8B6CC2A12AAE3C4C002FA6A0 /* WhiteButton.swift */; };
		8B6CC2DB2AAEDBF1002FA6A0 /* LikedTable.swift in Sources */ = {isa = PBXBuildFile; fileRef = 8B6CC2DA2AAEDBF1002FA6A0 /* LikedTable.swift */; };
		8B6CC2DD2AAF199A002FA6A0 /* LikedTableRepository.swift in Sources */ = {isa = PBXBuildFile; fileRef = 8B6CC2DC2AAF199A002FA6A0 /* LikedTableRepository.swift */; };
		8B6CC2DF2AAF25CC002FA6A0 /* FileManager+Extension.swift in Sources */ = {isa = PBXBuildFile; fileRef = 8B6CC2DE2AAF25CC002FA6A0 /* FileManager+Extension.swift */; };
/* End PBXBuildFile section */

/* Begin PBXFileReference section */
		8B6CC2432AAA278D002FA6A0 /* 2ndRecap.app */ = {isa = PBXFileReference; explicitFileType = wrapper.application; includeInIndex = 0; path = 2ndRecap.app; sourceTree = BUILT_PRODUCTS_DIR; };
		8B6CC2462AAA278D002FA6A0 /* AppDelegate.swift */ = {isa = PBXFileReference; lastKnownFileType = sourcecode.swift; path = AppDelegate.swift; sourceTree = "<group>"; };
		8B6CC2482AAA278D002FA6A0 /* SceneDelegate.swift */ = {isa = PBXFileReference; lastKnownFileType = sourcecode.swift; path = SceneDelegate.swift; sourceTree = "<group>"; };
		8B6CC24A2AAA278D002FA6A0 /* ViewController.swift */ = {isa = PBXFileReference; lastKnownFileType = sourcecode.swift; path = ViewController.swift; sourceTree = "<group>"; };
		8B6CC24D2AAA278D002FA6A0 /* Base */ = {isa = PBXFileReference; lastKnownFileType = file.storyboard; name = Base; path = Base.lproj/Main.storyboard; sourceTree = "<group>"; };
		8B6CC24F2AAA278E002FA6A0 /* Assets.xcassets */ = {isa = PBXFileReference; lastKnownFileType = folder.assetcatalog; path = Assets.xcassets; sourceTree = "<group>"; };
		8B6CC2522AAA278E002FA6A0 /* Base */ = {isa = PBXFileReference; lastKnownFileType = file.storyboard; name = Base; path = Base.lproj/LaunchScreen.storyboard; sourceTree = "<group>"; };
		8B6CC2542AAA278E002FA6A0 /* Info.plist */ = {isa = PBXFileReference; lastKnownFileType = text.plist.xml; path = Info.plist; sourceTree = "<group>"; };
		8B6CC2652AAA28D7002FA6A0 /* .gitignore */ = {isa = PBXFileReference; lastKnownFileType = text; path = .gitignore; sourceTree = "<group>"; };
		8B6CC2672AAA28EE002FA6A0 /* APIKey.swift */ = {isa = PBXFileReference; lastKnownFileType = sourcecode.swift; path = APIKey.swift; sourceTree = "<group>"; };
		8B6CC26D2AAA2E61002FA6A0 /* BaseViewController.swift */ = {isa = PBXFileReference; lastKnownFileType = sourcecode.swift; path = BaseViewController.swift; sourceTree = "<group>"; };
		8B6CC27C2AAB16FF002FA6A0 /* BaseCollectionViewCell.swift */ = {isa = PBXFileReference; lastKnownFileType = sourcecode.swift; path = BaseCollectionViewCell.swift; sourceTree = "<group>"; };
		8B6CC2802AAB21D8002FA6A0 /* Constants.swift */ = {isa = PBXFileReference; lastKnownFileType = sourcecode.swift; path = Constants.swift; sourceTree = "<group>"; };
		8B6CC2822AAB2235002FA6A0 /* Color.swift */ = {isa = PBXFileReference; lastKnownFileType = sourcecode.swift; path = Color.swift; sourceTree = "<group>"; };
		8B6CC2842AAB2559002FA6A0 /* SearchCollectionViewCell.swift */ = {isa = PBXFileReference; lastKnownFileType = sourcecode.swift; path = SearchCollectionViewCell.swift; sourceTree = "<group>"; };
		8B6CC2862AAB28B5002FA6A0 /* Item.swift */ = {isa = PBXFileReference; lastKnownFileType = sourcecode.swift; path = Item.swift; sourceTree = "<group>"; };
		8B6CC2882AAC403C002FA6A0 /* SearchViewController.swift */ = {isa = PBXFileReference; lastKnownFileType = sourcecode.swift; path = SearchViewController.swift; sourceTree = "<group>"; };
		8B6CC28A2AAC47C6002FA6A0 /* LikedViewController.swift */ = {isa = PBXFileReference; lastKnownFileType = sourcecode.swift; path = LikedViewController.swift; sourceTree = "<group>"; };
		8B6CC28C2AAC537F002FA6A0 /* ReusableViewProtocol.swift */ = {isa = PBXFileReference; lastKnownFileType = sourcecode.swift; path = ReusableViewProtocol.swift; sourceTree = "<group>"; };
		8B6CC2922AAC8A95002FA6A0 /* SortType.swift */ = {isa = PBXFileReference; lastKnownFileType = sourcecode.swift; path = SortType.swift; sourceTree = "<group>"; };
		8B6CC2942AAC8B65002FA6A0 /* GrayBorderButton.swift */ = {isa = PBXFileReference; lastKnownFileType = sourcecode.swift; path = GrayBorderButton.swift; sourceTree = "<group>"; };
		8B6CC2962AACD224002FA6A0 /* ShoppingAPIManager.swift */ = {isa = PBXFileReference; lastKnownFileType = sourcecode.swift; path = ShoppingAPIManager.swift; sourceTree = "<group>"; };
		8B6CC2982AACDAC5002FA6A0 /* URL+Extension.swift */ = {isa = PBXFileReference; lastKnownFileType = sourcecode.swift; path = "URL+Extension.swift"; sourceTree = "<group>"; };
		8B6CC29D2AADFAD3002FA6A0 /* DetailViewController.swift */ = {isa = PBXFileReference; lastKnownFileType = sourcecode.swift; path = DetailViewController.swift; sourceTree = "<group>"; };
		8B6CC29F2AAE1A6D002FA6A0 /* String+Extension.swift */ = {isa = PBXFileReference; lastKnownFileType = sourcecode.swift; path = "String+Extension.swift"; sourceTree = "<group>"; };
		8B6CC2A12AAE3C4C002FA6A0 /* WhiteButton.swift */ = {isa = PBXFileReference; lastKnownFileType = sourcecode.swift; path = WhiteButton.swift; sourceTree = "<group>"; };
		8B6CC2DA2AAEDBF1002FA6A0 /* LikedTable.swift */ = {isa = PBXFileReference; lastKnownFileType = sourcecode.swift; path = LikedTable.swift; sourceTree = "<group>"; };
		8B6CC2DC2AAF199A002FA6A0 /* LikedTableRepository.swift */ = {isa = PBXFileReference; lastKnownFileType = sourcecode.swift; path = LikedTableRepository.swift; sourceTree = "<group>"; };
		8B6CC2DE2AAF25CC002FA6A0 /* FileManager+Extension.swift */ = {isa = PBXFileReference; lastKnownFileType = sourcecode.swift; path = "FileManager+Extension.swift"; sourceTree = "<group>"; };
/* End PBXFileReference section */

/* Begin PBXFrameworksBuildPhase section */
		8B6CC2402AAA278D002FA6A0 /* Frameworks */ = {
			isa = PBXFrameworksBuildPhase;
			buildActionMask = 2147483647;
			files = (
				8B6CC2612AAA28B0002FA6A0 /* RealmSwift in Frameworks */,
				8B6CC2642AAA28BF002FA6A0 /* SnapKit in Frameworks */,
				8B6CC25F2AAA28B0002FA6A0 /* Realm in Frameworks */,
				8B6CC25C2AAA284A002FA6A0 /* Alamofire in Frameworks */,
				8B6CC29C2AADA4AF002FA6A0 /* Kingfisher in Frameworks */,
			);
			runOnlyForDeploymentPostprocessing = 0;
		};
/* End PBXFrameworksBuildPhase section */

/* Begin PBXGroup section */
		8B6CC23A2AAA278D002FA6A0 = {
			isa = PBXGroup;
			children = (
				8B6CC2452AAA278D002FA6A0 /* 2ndRecap */,
				8B6CC2442AAA278D002FA6A0 /* Products */,
			);
			sourceTree = "<group>";
		};
		8B6CC2442AAA278D002FA6A0 /* Products */ = {
			isa = PBXGroup;
			children = (
				8B6CC2432AAA278D002FA6A0 /* 2ndRecap.app */,
			);
			name = Products;
			sourceTree = "<group>";
		};
		8B6CC2452AAA278D002FA6A0 /* 2ndRecap */ = {
			isa = PBXGroup;
			children = (
				8B6CC2D92AAEDBCD002FA6A0 /* Realm */,
				8B6CC2692AAA28F4002FA6A0 /* Network */,
				8B6CC27F2AAB217E002FA6A0 /* Utility */,
				8B6CC26C2AAA2DEF002FA6A0 /* Base */,
				8B6CC27E2AAB20C3002FA6A0 /* Custom */,
				8B6CC26B2AAA2DB9002FA6A0 /* Scene */,
				8B6CC2462AAA278D002FA6A0 /* AppDelegate.swift */,
				8B6CC2482AAA278D002FA6A0 /* SceneDelegate.swift */,
				8B6CC24A2AAA278D002FA6A0 /* ViewController.swift */,
				8B6CC24C2AAA278D002FA6A0 /* Main.storyboard */,
				8B6CC24F2AAA278E002FA6A0 /* Assets.xcassets */,
				8B6CC2512AAA278E002FA6A0 /* LaunchScreen.storyboard */,
				8B6CC2542AAA278E002FA6A0 /* Info.plist */,
				8B6CC2652AAA28D7002FA6A0 /* .gitignore */,
			);
			path = 2ndRecap;
			sourceTree = "<group>";
		};
		8B6CC2692AAA28F4002FA6A0 /* Network */ = {
			isa = PBXGroup;
			children = (
				8B6CC2672AAA28EE002FA6A0 /* APIKey.swift */,
				8B6CC2962AACD224002FA6A0 /* ShoppingAPIManager.swift */,
				8B6CC2862AAB28B5002FA6A0 /* Item.swift */,
			);
			path = Network;
			sourceTree = "<group>";
		};
		8B6CC26B2AAA2DB9002FA6A0 /* Scene */ = {
			isa = PBXGroup;
			children = (
				8B6CC2712AAA2ED8002FA6A0 /* Search */,
				8B6CC2722AAA2EE0002FA6A0 /* Like */,
				8B6CC2732AAA2F78002FA6A0 /* Detail */,
			);
			path = Scene;
			sourceTree = "<group>";
		};
		8B6CC26C2AAA2DEF002FA6A0 /* Base */ = {
			isa = PBXGroup;
			children = (
				8B6CC26D2AAA2E61002FA6A0 /* BaseViewController.swift */,
				8B6CC27C2AAB16FF002FA6A0 /* BaseCollectionViewCell.swift */,
				8B6CC28C2AAC537F002FA6A0 /* ReusableViewProtocol.swift */,
			);
			path = Base;
			sourceTree = "<group>";
		};
		8B6CC2712AAA2ED8002FA6A0 /* Search */ = {
			isa = PBXGroup;
			children = (
				8B6CC2842AAB2559002FA6A0 /* SearchCollectionViewCell.swift */,
				8B6CC2882AAC403C002FA6A0 /* SearchViewController.swift */,
				8B6CC2922AAC8A95002FA6A0 /* SortType.swift */,
			);
			path = Search;
			sourceTree = "<group>";
		};
		8B6CC2722AAA2EE0002FA6A0 /* Like */ = {
			isa = PBXGroup;
			children = (
				8B6CC28A2AAC47C6002FA6A0 /* LikedViewController.swift */,
			);
			path = Like;
			sourceTree = "<group>";
		};
		8B6CC2732AAA2F78002FA6A0 /* Detail */ = {
			isa = PBXGroup;
			children = (
				8B6CC29D2AADFAD3002FA6A0 /* DetailViewController.swift */,
			);
			path = Detail;
			sourceTree = "<group>";
		};
		8B6CC27E2AAB20C3002FA6A0 /* Custom */ = {
			isa = PBXGroup;
			children = (
				8B6CC2942AAC8B65002FA6A0 /* GrayBorderButton.swift */,
				8B6CC2A12AAE3C4C002FA6A0 /* WhiteButton.swift */,
			);
			path = Custom;
			sourceTree = "<group>";
		};
		8B6CC27F2AAB217E002FA6A0 /* Utility */ = {
			isa = PBXGroup;
			children = (
				8B6CC2802AAB21D8002FA6A0 /* Constants.swift */,
				8B6CC2822AAB2235002FA6A0 /* Color.swift */,
				8B6CC2982AACDAC5002FA6A0 /* URL+Extension.swift */,
				8B6CC29F2AAE1A6D002FA6A0 /* String+Extension.swift */,
				8B6CC2DE2AAF25CC002FA6A0 /* FileManager+Extension.swift */,
			);
			path = Utility;
			sourceTree = "<group>";
		};
		8B6CC2D92AAEDBCD002FA6A0 /* Realm */ = {
			isa = PBXGroup;
			children = (
				8B6CC2DA2AAEDBF1002FA6A0 /* LikedTable.swift */,
				8B6CC2DC2AAF199A002FA6A0 /* LikedTableRepository.swift */,
			);
			path = Realm;
			sourceTree = "<group>";
		};
/* End PBXGroup section */

/* Begin PBXNativeTarget section */
		8B6CC2422AAA278D002FA6A0 /* 2ndRecap */ = {
			isa = PBXNativeTarget;
			buildConfigurationList = 8B6CC2572AAA278E002FA6A0 /* Build configuration list for PBXNativeTarget "2ndRecap" */;
			buildPhases = (
				8B6CC23F2AAA278D002FA6A0 /* Sources */,
				8B6CC2402AAA278D002FA6A0 /* Frameworks */,
				8B6CC2412AAA278D002FA6A0 /* Resources */,
			);
			buildRules = (
			);
			dependencies = (
			);
			name = 2ndRecap;
			packageProductDependencies = (
				8B6CC25B2AAA284A002FA6A0 /* Alamofire */,
				8B6CC25E2AAA28B0002FA6A0 /* Realm */,
				8B6CC2602AAA28B0002FA6A0 /* RealmSwift */,
				8B6CC2632AAA28BF002FA6A0 /* SnapKit */,
				8B6CC29B2AADA4AF002FA6A0 /* Kingfisher */,
			);
			productName = 2ndRecap;
			productReference = 8B6CC2432AAA278D002FA6A0 /* 2ndRecap.app */;
			productType = "com.apple.product-type.application";
		};
/* End PBXNativeTarget section */

/* Begin PBXProject section */
		8B6CC23B2AAA278D002FA6A0 /* Project object */ = {
			isa = PBXProject;
			attributes = {
				BuildIndependentTargetsInParallel = 1;
				LastSwiftUpdateCheck = 1430;
				LastUpgradeCheck = 1430;
				TargetAttributes = {
					8B6CC2422AAA278D002FA6A0 = {
						CreatedOnToolsVersion = 14.3.1;
					};
				};
			};
			buildConfigurationList = 8B6CC23E2AAA278D002FA6A0 /* Build configuration list for PBXProject "2ndRecap" */;
			compatibilityVersion = "Xcode 14.0";
			developmentRegion = en;
			hasScannedForEncodings = 0;
			knownRegions = (
				en,
				Base,
			);
			mainGroup = 8B6CC23A2AAA278D002FA6A0;
			packageReferences = (
				8B6CC25A2AAA284A002FA6A0 /* XCRemoteSwiftPackageReference "Alamofire" */,
				8B6CC25D2AAA28B0002FA6A0 /* XCRemoteSwiftPackageReference "realm-swift" */,
				8B6CC2622AAA28BF002FA6A0 /* XCRemoteSwiftPackageReference "SnapKit" */,
				8B6CC29A2AADA4AF002FA6A0 /* XCRemoteSwiftPackageReference "Kingfisher" */,
			);
			productRefGroup = 8B6CC2442AAA278D002FA6A0 /* Products */;
			projectDirPath = "";
			projectRoot = "";
			targets = (
				8B6CC2422AAA278D002FA6A0 /* 2ndRecap */,
			);
		};
/* End PBXProject section */

/* Begin PBXResourcesBuildPhase section */
		8B6CC2412AAA278D002FA6A0 /* Resources */ = {
			isa = PBXResourcesBuildPhase;
			buildActionMask = 2147483647;
			files = (
				8B6CC2662AAA28D7002FA6A0 /* .gitignore in Resources */,
				8B6CC2532AAA278E002FA6A0 /* LaunchScreen.storyboard in Resources */,
				8B6CC2502AAA278E002FA6A0 /* Assets.xcassets in Resources */,
				8B6CC24E2AAA278D002FA6A0 /* Main.storyboard in Resources */,
			);
			runOnlyForDeploymentPostprocessing = 0;
		};
/* End PBXResourcesBuildPhase section */

/* Begin PBXSourcesBuildPhase section */
		8B6CC23F2AAA278D002FA6A0 /* Sources */ = {
			isa = PBXSourcesBuildPhase;
			buildActionMask = 2147483647;
			files = (
				8B6CC2972AACD224002FA6A0 /* ShoppingAPIManager.swift in Sources */,
				8B6CC2872AAB28B5002FA6A0 /* Item.swift in Sources */,
				8B6CC2892AAC403C002FA6A0 /* SearchViewController.swift in Sources */,
				8B6CC2A02AAE1A6D002FA6A0 /* String+Extension.swift in Sources */,
				8B6CC26E2AAA2E61002FA6A0 /* BaseViewController.swift in Sources */,
				8B6CC24B2AAA278D002FA6A0 /* ViewController.swift in Sources */,
				8B6CC2952AAC8B65002FA6A0 /* GrayBorderButton.swift in Sources */,
				8B6CC28B2AAC47C6002FA6A0 /* LikedViewController.swift in Sources */,
				8B6CC2472AAA278D002FA6A0 /* AppDelegate.swift in Sources */,
				8B6CC2A22AAE3C4C002FA6A0 /* WhiteButton.swift in Sources */,
				8B6CC2682AAA28EE002FA6A0 /* APIKey.swift in Sources */,
				8B6CC29E2AADFAD3002FA6A0 /* DetailViewController.swift in Sources */,
				8B6CC2812AAB21D8002FA6A0 /* Constants.swift in Sources */,
				8B6CC2992AACDAC5002FA6A0 /* URL+Extension.swift in Sources */,
				8B6CC2DD2AAF199A002FA6A0 /* LikedTableRepository.swift in Sources */,
				8B6CC2832AAB2235002FA6A0 /* Color.swift in Sources */,
				8B6CC2DF2AAF25CC002FA6A0 /* FileManager+Extension.swift in Sources */,
				8B6CC2492AAA278D002FA6A0 /* SceneDelegate.swift in Sources */,
				8B6CC27D2AAB16FF002FA6A0 /* BaseCollectionViewCell.swift in Sources */,
				8B6CC2DB2AAEDBF1002FA6A0 /* LikedTable.swift in Sources */,
				8B6CC2852AAB2559002FA6A0 /* SearchCollectionViewCell.swift in Sources */,
				8B6CC2932AAC8A95002FA6A0 /* SortType.swift in Sources */,
				8B6CC28D2AAC537F002FA6A0 /* ReusableViewProtocol.swift in Sources */,
			);
			runOnlyForDeploymentPostprocessing = 0;
		};
/* End PBXSourcesBuildPhase section */

/* Begin PBXVariantGroup section */
		8B6CC24C2AAA278D002FA6A0 /* Main.storyboard */ = {
			isa = PBXVariantGroup;
			children = (
				8B6CC24D2AAA278D002FA6A0 /* Base */,
			);
			name = Main.storyboard;
			sourceTree = "<group>";
		};
		8B6CC2512AAA278E002FA6A0 /* LaunchScreen.storyboard */ = {
			isa = PBXVariantGroup;
			children = (
				8B6CC2522AAA278E002FA6A0 /* Base */,
			);
			name = LaunchScreen.storyboard;
			sourceTree = "<group>";
		};
/* End PBXVariantGroup section */

/* Begin XCBuildConfiguration section */
		8B6CC2552AAA278E002FA6A0 /* Debug */ = {
			isa = XCBuildConfiguration;
			buildSettings = {
				ALWAYS_SEARCH_USER_PATHS = NO;
				CLANG_ANALYZER_NONNULL = YES;
				CLANG_ANALYZER_NUMBER_OBJECT_CONVERSION = YES_AGGRESSIVE;
				CLANG_CXX_LANGUAGE_STANDARD = "gnu++20";
				CLANG_ENABLE_MODULES = YES;
				CLANG_ENABLE_OBJC_ARC = YES;
				CLANG_ENABLE_OBJC_WEAK = YES;
				CLANG_WARN_BLOCK_CAPTURE_AUTORELEASING = YES;
				CLANG_WARN_BOOL_CONVERSION = YES;
				CLANG_WARN_COMMA = YES;
				CLANG_WARN_CONSTANT_CONVERSION = YES;
				CLANG_WARN_DEPRECATED_OBJC_IMPLEMENTATIONS = YES;
				CLANG_WARN_DIRECT_OBJC_ISA_USAGE = YES_ERROR;
				CLANG_WARN_DOCUMENTATION_COMMENTS = YES;
				CLANG_WARN_EMPTY_BODY = YES;
				CLANG_WARN_ENUM_CONVERSION = YES;
				CLANG_WARN_INFINITE_RECURSION = YES;
				CLANG_WARN_INT_CONVERSION = YES;
				CLANG_WARN_NON_LITERAL_NULL_CONVERSION = YES;
				CLANG_WARN_OBJC_IMPLICIT_RETAIN_SELF = YES;
				CLANG_WARN_OBJC_LITERAL_CONVERSION = YES;
				CLANG_WARN_OBJC_ROOT_CLASS = YES_ERROR;
				CLANG_WARN_QUOTED_INCLUDE_IN_FRAMEWORK_HEADER = YES;
				CLANG_WARN_RANGE_LOOP_ANALYSIS = YES;
				CLANG_WARN_STRICT_PROTOTYPES = YES;
				CLANG_WARN_SUSPICIOUS_MOVE = YES;
				CLANG_WARN_UNGUARDED_AVAILABILITY = YES_AGGRESSIVE;
				CLANG_WARN_UNREACHABLE_CODE = YES;
				CLANG_WARN__DUPLICATE_METHOD_MATCH = YES;
				COPY_PHASE_STRIP = NO;
				DEBUG_INFORMATION_FORMAT = dwarf;
				ENABLE_STRICT_OBJC_MSGSEND = YES;
				ENABLE_TESTABILITY = YES;
				GCC_C_LANGUAGE_STANDARD = gnu11;
				GCC_DYNAMIC_NO_PIC = NO;
				GCC_NO_COMMON_BLOCKS = YES;
				GCC_OPTIMIZATION_LEVEL = 0;
				GCC_PREPROCESSOR_DEFINITIONS = (
					"DEBUG=1",
					"$(inherited)",
				);
				GCC_WARN_64_TO_32_BIT_CONVERSION = YES;
				GCC_WARN_ABOUT_RETURN_TYPE = YES_ERROR;
				GCC_WARN_UNDECLARED_SELECTOR = YES;
				GCC_WARN_UNINITIALIZED_AUTOS = YES_AGGRESSIVE;
				GCC_WARN_UNUSED_FUNCTION = YES;
				GCC_WARN_UNUSED_VARIABLE = YES;
				IPHONEOS_DEPLOYMENT_TARGET = 16.4;
				MTL_ENABLE_DEBUG_INFO = INCLUDE_SOURCE;
				MTL_FAST_MATH = YES;
				ONLY_ACTIVE_ARCH = YES;
				SDKROOT = iphoneos;
				SWIFT_ACTIVE_COMPILATION_CONDITIONS = DEBUG;
				SWIFT_OPTIMIZATION_LEVEL = "-Onone";
			};
			name = Debug;
		};
		8B6CC2562AAA278E002FA6A0 /* Release */ = {
			isa = XCBuildConfiguration;
			buildSettings = {
				ALWAYS_SEARCH_USER_PATHS = NO;
				CLANG_ANALYZER_NONNULL = YES;
				CLANG_ANALYZER_NUMBER_OBJECT_CONVERSION = YES_AGGRESSIVE;
				CLANG_CXX_LANGUAGE_STANDARD = "gnu++20";
				CLANG_ENABLE_MODULES = YES;
				CLANG_ENABLE_OBJC_ARC = YES;
				CLANG_ENABLE_OBJC_WEAK = YES;
				CLANG_WARN_BLOCK_CAPTURE_AUTORELEASING = YES;
				CLANG_WARN_BOOL_CONVERSION = YES;
				CLANG_WARN_COMMA = YES;
				CLANG_WARN_CONSTANT_CONVERSION = YES;
				CLANG_WARN_DEPRECATED_OBJC_IMPLEMENTATIONS = YES;
				CLANG_WARN_DIRECT_OBJC_ISA_USAGE = YES_ERROR;
				CLANG_WARN_DOCUMENTATION_COMMENTS = YES;
				CLANG_WARN_EMPTY_BODY = YES;
				CLANG_WARN_ENUM_CONVERSION = YES;
				CLANG_WARN_INFINITE_RECURSION = YES;
				CLANG_WARN_INT_CONVERSION = YES;
				CLANG_WARN_NON_LITERAL_NULL_CONVERSION = YES;
				CLANG_WARN_OBJC_IMPLICIT_RETAIN_SELF = YES;
				CLANG_WARN_OBJC_LITERAL_CONVERSION = YES;
				CLANG_WARN_OBJC_ROOT_CLASS = YES_ERROR;
				CLANG_WARN_QUOTED_INCLUDE_IN_FRAMEWORK_HEADER = YES;
				CLANG_WARN_RANGE_LOOP_ANALYSIS = YES;
				CLANG_WARN_STRICT_PROTOTYPES = YES;
				CLANG_WARN_SUSPICIOUS_MOVE = YES;
				CLANG_WARN_UNGUARDED_AVAILABILITY = YES_AGGRESSIVE;
				CLANG_WARN_UNREACHABLE_CODE = YES;
				CLANG_WARN__DUPLICATE_METHOD_MATCH = YES;
				COPY_PHASE_STRIP = NO;
				DEBUG_INFORMATION_FORMAT = "dwarf-with-dsym";
				ENABLE_NS_ASSERTIONS = NO;
				ENABLE_STRICT_OBJC_MSGSEND = YES;
				GCC_C_LANGUAGE_STANDARD = gnu11;
				GCC_NO_COMMON_BLOCKS = YES;
				GCC_WARN_64_TO_32_BIT_CONVERSION = YES;
				GCC_WARN_ABOUT_RETURN_TYPE = YES_ERROR;
				GCC_WARN_UNDECLARED_SELECTOR = YES;
				GCC_WARN_UNINITIALIZED_AUTOS = YES_AGGRESSIVE;
				GCC_WARN_UNUSED_FUNCTION = YES;
				GCC_WARN_UNUSED_VARIABLE = YES;
				IPHONEOS_DEPLOYMENT_TARGET = 16.4;
				MTL_ENABLE_DEBUG_INFO = NO;
				MTL_FAST_MATH = YES;
				SDKROOT = iphoneos;
				SWIFT_COMPILATION_MODE = wholemodule;
				SWIFT_OPTIMIZATION_LEVEL = "-O";
				VALIDATE_PRODUCT = YES;
			};
			name = Release;
		};
		8B6CC2582AAA278E002FA6A0 /* Debug */ = {
			isa = XCBuildConfiguration;
			buildSettings = {
				ASSETCATALOG_COMPILER_APPICON_NAME = AppIcon;
				ASSETCATALOG_COMPILER_GLOBAL_ACCENT_COLOR_NAME = AccentColor;
				CODE_SIGN_STYLE = Automatic;
				CURRENT_PROJECT_VERSION = 1;
				GENERATE_INFOPLIST_FILE = YES;
				INFOPLIST_FILE = 2ndRecap/Info.plist;
				INFOPLIST_KEY_UIApplicationSupportsIndirectInputEvents = YES;
				INFOPLIST_KEY_UILaunchStoryboardName = LaunchScreen;
				INFOPLIST_KEY_UIMainStoryboardFile = Main;
				INFOPLIST_KEY_UISupportedInterfaceOrientations = UIInterfaceOrientationPortrait;
				INFOPLIST_KEY_UISupportedInterfaceOrientations_iPad = "UIInterfaceOrientationLandscapeLeft UIInterfaceOrientationLandscapeRight UIInterfaceOrientationPortrait UIInterfaceOrientationPortraitUpsideDown";
				IPHONEOS_DEPLOYMENT_TARGET = 13.0;
				LD_RUNPATH_SEARCH_PATHS = (
					"$(inherited)",
					"@executable_path/Frameworks",
				);
				MARKETING_VERSION = 1.0;
				PRODUCT_BUNDLE_IDENTIFIER = "com.SoomanHong.-ndRecap";
				PRODUCT_NAME = "$(TARGET_NAME)";
				SWIFT_EMIT_LOC_STRINGS = YES;
				SWIFT_VERSION = 5.0;
				TARGETED_DEVICE_FAMILY = "1,2";
			};
			name = Debug;
		};
		8B6CC2592AAA278E002FA6A0 /* Release */ = {
			isa = XCBuildConfiguration;
			buildSettings = {
				ASSETCATALOG_COMPILER_APPICON_NAME = AppIcon;
				ASSETCATALOG_COMPILER_GLOBAL_ACCENT_COLOR_NAME = AccentColor;
				CODE_SIGN_STYLE = Automatic;
				CURRENT_PROJECT_VERSION = 1;
				GENERATE_INFOPLIST_FILE = YES;
				INFOPLIST_FILE = 2ndRecap/Info.plist;
				INFOPLIST_KEY_UIApplicationSupportsIndirectInputEvents = YES;
				INFOPLIST_KEY_UILaunchStoryboardName = LaunchScreen;
				INFOPLIST_KEY_UIMainStoryboardFile = Main;
				INFOPLIST_KEY_UISupportedInterfaceOrientations = UIInterfaceOrientationPortrait;
				INFOPLIST_KEY_UISupportedInterfaceOrientations_iPad = "UIInterfaceOrientationLandscapeLeft UIInterfaceOrientationLandscapeRight UIInterfaceOrientationPortrait UIInterfaceOrientationPortraitUpsideDown";
				IPHONEOS_DEPLOYMENT_TARGET = 13.0;
				LD_RUNPATH_SEARCH_PATHS = (
					"$(inherited)",
					"@executable_path/Frameworks",
				);
				MARKETING_VERSION = 1.0;
				PRODUCT_BUNDLE_IDENTIFIER = "com.SoomanHong.-ndRecap";
				PRODUCT_NAME = "$(TARGET_NAME)";
				SWIFT_EMIT_LOC_STRINGS = YES;
				SWIFT_VERSION = 5.0;
				TARGETED_DEVICE_FAMILY = "1,2";
			};
			name = Release;
		};
/* End XCBuildConfiguration section */

/* Begin XCConfigurationList section */
		8B6CC23E2AAA278D002FA6A0 /* Build configuration list for PBXProject "2ndRecap" */ = {
			isa = XCConfigurationList;
			buildConfigurations = (
				8B6CC2552AAA278E002FA6A0 /* Debug */,
				8B6CC2562AAA278E002FA6A0 /* Release */,
			);
			defaultConfigurationIsVisible = 0;
			defaultConfigurationName = Release;
		};
		8B6CC2572AAA278E002FA6A0 /* Build configuration list for PBXNativeTarget "2ndRecap" */ = {
			isa = XCConfigurationList;
			buildConfigurations = (
				8B6CC2582AAA278E002FA6A0 /* Debug */,
				8B6CC2592AAA278E002FA6A0 /* Release */,
			);
			defaultConfigurationIsVisible = 0;
			defaultConfigurationName = Release;
		};
/* End XCConfigurationList section */

/* Begin XCRemoteSwiftPackageReference section */
		8B6CC25A2AAA284A002FA6A0 /* XCRemoteSwiftPackageReference "Alamofire" */ = {
			isa = XCRemoteSwiftPackageReference;
			repositoryURL = "https://github.com/Alamofire/Alamofire";
			requirement = {
				kind = upToNextMajorVersion;
				minimumVersion = 5.0.0;
			};
		};
		8B6CC25D2AAA28B0002FA6A0 /* XCRemoteSwiftPackageReference "realm-swift" */ = {
			isa = XCRemoteSwiftPackageReference;
			repositoryURL = "https://github.com/realm/realm-swift.git";
			requirement = {
				kind = exactVersion;
				version = 10.42.1;
			};
		};
		8B6CC2622AAA28BF002FA6A0 /* XCRemoteSwiftPackageReference "SnapKit" */ = {
			isa = XCRemoteSwiftPackageReference;
			repositoryURL = "https://github.com/SnapKit/SnapKit.git";
			requirement = {
				kind = upToNextMajorVersion;
				minimumVersion = 5.0.0;
			};
		};
		8B6CC29A2AADA4AF002FA6A0 /* XCRemoteSwiftPackageReference "Kingfisher" */ = {
			isa = XCRemoteSwiftPackageReference;
			repositoryURL = "https://github.com/onevcat/Kingfisher.git";
			requirement = {
				kind = upToNextMajorVersion;
				minimumVersion = 7.0.0;
			};
		};
/* End XCRemoteSwiftPackageReference section */

/* Begin XCSwiftPackageProductDependency section */
		8B6CC25B2AAA284A002FA6A0 /* Alamofire */ = {
			isa = XCSwiftPackageProductDependency;
			package = 8B6CC25A2AAA284A002FA6A0 /* XCRemoteSwiftPackageReference "Alamofire" */;
			productName = Alamofire;
		};
		8B6CC25E2AAA28B0002FA6A0 /* Realm */ = {
			isa = XCSwiftPackageProductDependency;
			package = 8B6CC25D2AAA28B0002FA6A0 /* XCRemoteSwiftPackageReference "realm-swift" */;
			productName = Realm;
		};
		8B6CC2602AAA28B0002FA6A0 /* RealmSwift */ = {
			isa = XCSwiftPackageProductDependency;
			package = 8B6CC25D2AAA28B0002FA6A0 /* XCRemoteSwiftPackageReference "realm-swift" */;
			productName = RealmSwift;
		};
		8B6CC2632AAA28BF002FA6A0 /* SnapKit */ = {
			isa = XCSwiftPackageProductDependency;
			package = 8B6CC2622AAA28BF002FA6A0 /* XCRemoteSwiftPackageReference "SnapKit" */;
			productName = SnapKit;
		};
		8B6CC29B2AADA4AF002FA6A0 /* Kingfisher */ = {
			isa = XCSwiftPackageProductDependency;
			package = 8B6CC29A2AADA4AF002FA6A0 /* XCRemoteSwiftPackageReference "Kingfisher" */;
			productName = Kingfisher;
		};
/* End XCSwiftPackageProductDependency section */
	};
	rootObject = 8B6CC23B2AAA278D002FA6A0 /* Project object */;
}
